Microsoft Visual Studio Solution File, Format Version 12.00
# Visual Studio Version 17
VisualStudioVersion = 17.5.2.0
MinimumVisualStudioVersion = 10.0.40219.1
Project("{2150E333-8FDC-42A3-9474-1A3956D46DE8}") = "DoohAdManager-FINAL-wwwroot", "DoohAdManager-FINAL-wwwroot", "{846D9E05-6A11-FB61-5BCE-7BD85E9A833D}"
EndProject
Project("{2150E333-8FDC-42A3-9474-1A3956D46DE8}") = "DoohAdManager-Fixed-V3", "DoohAdManager-Fixed-V3", "{0B5290BD-47C9-A0FD-CB25-3889B4C45E2C}"
EndProject
Project("{FAE04EC0-301F-11D3-BF4B-00C04F79EFBC}") = "adManager", "DoohAdManager-FINAL-wwwroot\DoohAdManager-Fixed-V3\adManager.csproj", "{12D1C918-3A76-311D-98BC-07DF82A65CC6}"
EndProject
Global
	GlobalSection(SolutionConfigurationPlatforms) = preSolution
		Debug|Any CPU = Debug|Any CPU
		Release|Any CPU = Release|Any CPU
	EndGlobalSection
	GlobalSection(ProjectConfigurationPlatforms) = postSolution
		{12D1C918-3A76-311D-98BC-07DF82A65CC6}.Debug|Any CPU.ActiveCfg = Debug|Any CPU
		{12D1C918-3A76-311D-98BC-07DF82A65CC6}.Debug|Any CPU.Build.0 = Debug|Any CPU
		{12D1C918-3A76-311D-98BC-07DF82A65CC6}.Release|Any CPU.ActiveCfg = Release|Any CPU
		{12D1C918-3A76-311D-98BC-07DF82A65CC6}.Release|Any CPU.Build.0 = Release|Any CPU
	EndGlobalSection
	GlobalSection(SolutionProperties) = preSolution
		HideSolutionNode = FALSE
	EndGlobalSection
	GlobalSection(NestedProjects) = preSolution
		{0B5290BD-47C9-A0FD-CB25-3889B4C45E2C} = {846D9E05-6A11-FB61-5BCE-7BD85E9A833D}
		{12D1C918-3A76-311D-98BC-07DF82A65CC6} = {0B5290BD-47C9-A0FD-CB25-3889B4C45E2C}
	EndGlobalSection
	GlobalSection(ExtensibilityGlobals) = postSolution
		SolutionGuid = {51A39E5C-2F40-4354-98A1-BB154DE74FD7}
	EndGlobalSection
EndGlobal
